// !$*UTF8*$!
{
	archiveVersion = 1;
	classes = {
	};
	objectVersion = 50;
	objects = {

/* Begin PBXBuildFile section */
		EC767CB126DD8CAC00DA0EA2 /* Main.storyboard in Resources */ = {isa = PBXBuildFile; fileRef = EC767CB026DD8CAB00DA0EA2 /* Main.storyboard */; };
		ECE8795D26DC71A00087F1FE /* AppDelegate.swift in Sources */ = {isa = PBXBuildFile; fileRef = ECE8795C26DC71A00087F1FE /* AppDelegate.swift */; };
		ECE8795F26DC71A00087F1FE /* SceneDelegate.swift in Sources */ = {isa = PBXBuildFile; fileRef = ECE8795E26DC71A00087F1FE /* SceneDelegate.swift */; };
		ECE8796126DC71A00087F1FE /* ViewController.swift in Sources */ = {isa = PBXBuildFile; fileRef = ECE8796026DC71A00087F1FE /* ViewController.swift */; };
		ECE8796426DC71A00087F1FE /* Main.storyboard in Resources */ = {isa = PBXBuildFile; fileRef = ECE8796226DC71A00087F1FE /* Main.storyboard */; };
		ECE8796626DC71A20087F1FE /* Assets.xcassets in Resources */ = {isa = PBXBuildFile; fileRef = ECE8796526DC71A20087F1FE /* Assets.xcassets */; };
		ECE8796926DC71A20087F1FE /* LaunchScreen.storyboard in Resources */ = {isa = PBXBuildFile; fileRef = ECE8796726DC71A20087F1FE /* LaunchScreen.storyboard */; };
		ECE8797426DC71A20087F1FE /* PreworkTests.swift in Sources */ = {isa = PBXBuildFile; fileRef = ECE8797326DC71A20087F1FE /* PreworkTests.swift */; };
		ECE8797F26DC71A20087F1FE /* PreworkUITests.swift in Sources */ = {isa = PBXBuildFile; fileRef = ECE8797E26DC71A20087F1FE /* PreworkUITests.swift */; };
/* End PBXBuildFile section */

/* Begin PBXContainerItemProxy section */
		ECE8797026DC71A20087F1FE /* PBXContainerItemProxy */ = {
			isa = PBXContainerItemProxy;
			containerPortal = ECE8795126DC71A00087F1FE /* Project object */;
			proxyType = 1;
			remoteGlobalIDString = ECE8795826DC71A00087F1FE;
			remoteInfo = Prework;
		};
		ECE8797B26DC71A20087F1FE /* PBXContainerItemProxy */ = {
			isa = PBXContainerItemProxy;
			containerPortal = ECE8795126DC71A00087F1FE /* Project object */;
			proxyType = 1;
			remoteGlobalIDString = ECE8795826DC71A00087F1FE;
			remoteInfo = Prework;
		};
/* End PBXContainerItemProxy section */

/* Begin PBXFileReference section */
		EC767CB026DD8CAB00DA0EA2 /* Main.storyboard */ = {isa = PBXFileReference; fileEncoding = 4; lastKnownFileType = file.storyboard; path = Main.storyboard; sourceTree = "<group>"; };
		ECE8795926DC71A00087F1FE /* Prework.app */ = {isa = PBXFileReference; explicitFileType = wrapper.application; includeInIndex = 0; path = Prework.app; sourceTree = BUILT_PRODUCTS_DIR; };
		ECE8795C26DC71A00087F1FE /* AppDelegate.swift */ = {isa = PBXFileReference; lastKnownFileType = sourcecode.swift; path = AppDelegate.swift; sourceTree = "<group>"; };
		ECE8795E26DC71A00087F1FE /* SceneDelegate.swift */ = {isa = PBXFileReference; lastKnownFileType = sourcecode.swift; path = SceneDelegate.swift; sourceTree = "<group>"; };
		ECE8796026DC71A00087F1FE /* ViewController.swift */ = {isa = PBXFileReference; lastKnownFileType = sourcecode.swift; path = ViewController.swift; sourceTree = "<group>"; };
		ECE8796326DC71A00087F1FE /* Base */ = {isa = PBXFileReference; lastKnownFileType = file.storyboard; name = Base; path = Base.lproj/Main.storyboard; sourceTree = "<group>"; };
		ECE8796526DC71A20087F1FE /* Assets.xcassets */ = {isa = PBXFileReference; lastKnownFileType = folder.assetcatalog; path = Assets.xcassets; sourceTree = "<group>"; };
		ECE8796826DC71A20087F1FE /* Base */ = {isa = PBXFileReference; lastKnownFileType = file.storyboard; name = Base; path = Base.lproj/LaunchScreen.storyboard; sourceTree = "<group>"; };
		ECE8796A26DC71A20087F1FE /* Info.plist */ = {isa = PBXFileReference; lastKnownFileType = text.plist.xml; path = Info.plist; sourceTree = "<group>"; };
		ECE8796F26DC71A20087F1FE /* PreworkTests.xctest */ = {isa = PBXFileReference; explicitFileType = wrapper.cfbundle; includeInIndex = 0; path = PreworkTests.xctest; sourceTree = BUILT_PRODUCTS_DIR; };
		ECE8797326DC71A20087F1FE /* PreworkTests.swift */ = {isa = PBXFileReference; lastKnownFileType = sourcecode.swift; path = PreworkTests.swift; sourceTree = "<group>"; };
		ECE8797526DC71A20087F1FE /* Info.plist */ = {isa = PBXFileReference; lastKnownFileType = text.plist.xml; path = Info.plist; sourceTree = "<group>"; };
		ECE8797A26DC71A20087F1FE /* PreworkUITests.xctest */ = {isa = PBXFileReference; explicitFileType = wrapper.cfbundle; includeInIndex = 0; path = PreworkUITests.xctest; sourceTree = BUILT_PRODUCTS_DIR; };
		ECE8797E26DC71A20087F1FE /* PreworkUITests.swift */ = {isa = PBXFileReference; lastKnownFileType = sourcecode.swift; path = PreworkUITests.swift; sourceTree = "<group>"; };
		ECE8798026DC71A20087F1FE /* Info.plist */ = {isa = PBXFileReference; lastKnownFileType = text.plist.xml; path = Info.plist; sourceTree = "<group>"; };
/* End PBXFileReference section */

/* Begin PBXFrameworksBuildPhase section */
		ECE8795626DC71A00087F1FE /* Frameworks */ = {
			isa = PBXFrameworksBuildPhase;
			buildActionMask = 2147483647;
			files = (
			);
			runOnlyForDeploymentPostprocessing = 0;
		};
		ECE8796C26DC71A20087F1FE /* Frameworks */ = {
			isa = PBXFrameworksBuildPhase;
			buildActionMask = 2147483647;
			files = (
			);
			runOnlyForDeploymentPostprocessing = 0;
		};
		ECE8797726DC71A20087F1FE /* Frameworks */ = {
			isa = PBXFrameworksBuildPhase;
			buildActionMask = 2147483647;
			files = (
			);
			runOnlyForDeploymentPostprocessing = 0;
		};
/* End PBXFrameworksBuildPhase section */

/* Begin PBXGroup section */
		ECE8795026DC71A00087F1FE = {
			isa = PBXGroup;
			children = (
				EC767CB026DD8CAB00DA0EA2 /* Main.storyboard */,
				ECE8795B26DC71A00087F1FE /* Prework */,
				ECE8797226DC71A20087F1FE /* PreworkTests */,
				ECE8797D26DC71A20087F1FE /* PreworkUITests */,
				ECE8795A26DC71A00087F1FE /* Products */,
			);
			sourceTree = "<group>";
		};
		ECE8795A26DC71A00087F1FE /* Products */ = {
			isa = PBXGroup;
			children = (
				ECE8795926DC71A00087F1FE /* Prework.app */,
				ECE8796F26DC71A20087F1FE /* PreworkTests.xctest */,
				ECE8797A26DC71A20087F1FE /* PreworkUITests.xctest */,
			);
			name = Products;
			sourceTree = "<group>";
		};
		ECE8795B26DC71A00087F1FE /* Prework */ = {
			isa = PBXGroup;
			children = (
				ECE8795C26DC71A00087F1FE /* AppDelegate.swift */,
				ECE8795E26DC71A00087F1FE /* SceneDelegate.swift */,
				ECE8796026DC71A00087F1FE /* ViewController.swift */,
				ECE8796226DC71A00087F1FE /* Main.storyboard */,
				ECE8796526DC71A20087F1FE /* Assets.xcassets */,
				ECE8796726DC71A20087F1FE /* LaunchScreen.storyboard */,
				ECE8796A26DC71A20087F1FE /* Info.plist */,
			);
			path = Prework;
			sourceTree = "<group>";
		};
		ECE8797226DC71A20087F1FE /* PreworkTests */ = {
			isa = PBXGroup;
			children = (
				ECE8797326DC71A20087F1FE /* PreworkTests.swift */,
				ECE8797526DC71A20087F1FE /* Info.plist */,
			);
			path = PreworkTests;
			sourceTree = "<group>";
		};
		ECE8797D26DC71A20087F1FE /* PreworkUITests */ = {
			isa = PBXGroup;
			children = (
				ECE8797E26DC71A20087F1FE /* PreworkUITests.swift */,
				ECE8798026DC71A20087F1FE /* Info.plist */,
			);
			path = PreworkUITests;
			sourceTree = "<group>";
		};
/* End PBXGroup section */

/* Begin PBXNativeTarget section */
		ECE8795826DC71A00087F1FE /* Prework */ = {
			isa = PBXNativeTarget;
			buildConfigurationList = ECE8798326DC71A20087F1FE /* Build configuration list for PBXNativeTarget "Prework" */;
			buildPhases = (
				ECE8795526DC71A00087F1FE /* Sources */,
				ECE8795626DC71A00087F1FE /* Frameworks */,
				ECE8795726DC71A00087F1FE /* Resources */,
			);
			buildRules = (
			);
			dependencies = (
			);
			name = Prework;
			productName = Prework;
			productReference = ECE8795926DC71A00087F1FE /* Prework.app */;
			productType = "com.apple.product-type.application";
		};
		ECE8796E26DC71A20087F1FE /* PreworkTests */ = {
			isa = PBXNativeTarget;
			buildConfigurationList = ECE8798626DC71A20087F1FE /* Build configuration list for PBXNativeTarget "PreworkTests" */;
			buildPhases = (
				ECE8796B26DC71A20087F1FE /* Sources */,
				ECE8796C26DC71A20087F1FE /* Frameworks */,
				ECE8796D26DC71A20087F1FE /* Resources */,
			);
			buildRules = (
			);
			dependencies = (
				ECE8797126DC71A20087F1FE /* PBXTargetDependency */,
			);
			name = PreworkTests;
			productName = PreworkTests;
			productReference = ECE8796F26DC71A20087F1FE /* PreworkTests.xctest */;
			productType = "com.apple.product-type.bundle.unit-test";
		};
		ECE8797926DC71A20087F1FE /* PreworkUITests */ = {
			isa = PBXNativeTarget;
			buildConfigurationList = ECE8798926DC71A20087F1FE /* Build configuration list for PBXNativeTarget "PreworkUITests" */;
			buildPhases = (
				ECE8797626DC71A20087F1FE /* Sources */,
				ECE8797726DC71A20087F1FE /* Frameworks */,
				ECE8797826DC71A20087F1FE /* Resources */,
			);
			buildRules = (
			);
			dependencies = (
				ECE8797C26DC71A20087F1FE /* PBXTargetDependency */,
			);
			name = PreworkUITests;
			productName = PreworkUITests;
			productReference = ECE8797A26DC71A20087F1FE /* PreworkUITests.xctest */;
			productType = "com.apple.product-type.bundle.ui-testing";
		};
/* End PBXNativeTarget section */

/* Begin PBXProject section */
		ECE8795126DC71A00087F1FE /* Project object */ = {
			isa = PBXProject;
			attributes = {
				LastSwiftUpdateCheck = 1250;
				LastUpgradeCheck = 1250;
				TargetAttributes = {
					ECE8795826DC71A00087F1FE = {
						CreatedOnToolsVersion = 12.5.1;
					};
					ECE8796E26DC71A20087F1FE = {
						CreatedOnToolsVersion = 12.5.1;
						TestTargetID = ECE8795826DC71A00087F1FE;
					};
					ECE8797926DC71A20087F1FE = {
						CreatedOnToolsVersion = 12.5.1;
						TestTargetID = ECE8795826DC71A00087F1FE;
					};
				};
			};
			buildConfigurationList = ECE8795426DC71A00087F1FE /* Build configuration list for PBXProject "Prework" */;
			compatibilityVersion = "Xcode 9.3";
			developmentRegion = en;
			hasScannedForEncodings = 0;
			knownRegions = (
				en,
				Base,
			);
			mainGroup = ECE8795026DC71A00087F1FE;
			productRefGroup = ECE8795A26DC71A00087F1FE /* Products */;
			projectDirPath = "";
			projectRoot = "";
			targets = (
				ECE8795826DC71A00087F1FE /* Prework */,
				ECE8796E26DC71A20087F1FE /* PreworkTests */,
				ECE8797926DC71A20087F1FE /* PreworkUITests */,
			);
		};
/* End PBXProject section */

/* Begin PBXResourcesBuildPhase section */
		ECE8795726DC71A00087F1FE /* Resources */ = {
			isa = PBXResourcesBuildPhase;
			buildActionMask = 2147483647;
			files = (
				ECE8796926DC71A20087F1FE /* LaunchScreen.storyboard in Resources */,
				EC767CB126DD8CAC00DA0EA2 /* Main.storyboard in Resources */,
				ECE8796626DC71A20087F1FE /* Assets.xcassets in Resources */,
				ECE8796426DC71A00087F1FE /* Main.storyboard in Resources */,
			);
			runOnlyForDeploymentPostprocessing = 0;
		};
		ECE8796D26DC71A20087F1FE /* Resources */ = {
			isa = PBXResourcesBuildPhase;
			buildActionMask = 2147483647;
			files = (
			);
			runOnlyForDeploymentPostprocessing = 0;
		};
		ECE8797826DC71A20087F1FE /* Resources */ = {
			isa = PBXResourcesBuildPhase;
			buildActionMask = 2147483647;
			files = (
			);
			runOnlyForDeploymentPostprocessing = 0;
		};
/* End PBXResourcesBuildPhase section */

/* Begin PBXSourcesBuildPhase section */
		ECE8795526DC71A00087F1FE /* Sources */ = {
			isa = PBXSourcesBuildPhase;
			buildActionMask = 2147483647;
			files = (
				ECE8796126DC71A00087F1FE /* ViewController.swift in Sources */,
				ECE8795D26DC71A00087F1FE /* AppDelegate.swift in Sources */,
				ECE8795F26DC71A00087F1FE /* SceneDelegate.swift in Sources */,
			);
			runOnlyForDeploymentPostprocessing = 0;
		};
		ECE8796B26DC71A20087F1FE /* Sources */ = {
			isa = PBXSourcesBuildPhase;
			buildActionMask = 2147483647;
			files = (
				ECE8797426DC71A20087F1FE /* PreworkTests.swift in Sources */,
			);
			runOnlyForDeploymentPostprocessing = 0;
		};
		ECE8797626DC71A20087F1FE /* Sources */ = {
			isa = PBXSourcesBuildPhase;
			buildActionMask = 2147483647;
			files = (
				ECE8797F26DC71A20087F1FE /* PreworkUITests.swift in Sources */,
			);
			runOnlyForDeploymentPostprocessing = 0;
		};
/* End PBXSourcesBuildPhase section */

/* Begin PBXTargetDependency section */
		ECE8797126DC71A20087F1FE /* PBXTargetDependency */ = {
			isa = PBXTargetDependency;
			target = ECE8795826DC71A00087F1FE /* Prework */;
			targetProxy = ECE8797026DC71A20087F1FE /* PBXContainerItemProxy */;
		};
		ECE8797C26DC71A20087F1FE /* PBXTargetDependency */ = {
			isa = PBXTargetDependency;
			target = ECE8795826DC71A00087F1FE /* Prework */;
			targetProxy = ECE8797B26DC71A20087F1FE /* PBXContainerItemProxy */;
		};
/* End PBXTargetDependency section */

/* Begin PBXVariantGroup section */
		ECE8796226DC71A00087F1FE /* Main.storyboard */ = {
			isa = PBXVariantGroup;
			children = (
				ECE8796326DC71A00087F1FE /* Base */,
			);
			name = Main.storyboard;
			sourceTree = "<group>";
		};
		ECE8796726DC71A20087F1FE /* LaunchScreen.storyboard */ = {
			isa = PBXVariantGroup;
			children = (
				ECE8796826DC71A20087F1FE /* Base */,
			);
			name = LaunchScreen.storyboard;
			sourceTree = "<group>";
		};
/* End PBXVariantGroup section */

/* Begin XCBuildConfiguration section */
		ECE8798126DC71A20087F1FE /* Debug */ = {
			isa = XCBuildConfiguration;
			buildSettings = {
				ALWAYS_SEARCH_USER_PATHS = NO;
				CLANG_ANALYZER_NONNULL = YES;
				CLANG_ANALYZER_NUMBER_OBJECT_CONVERSION = YES_AGGRESSIVE;
				CLANG_CXX_LANGUAGE_STANDARD = "gnu++14";
				CLANG_CXX_LIBRARY = "libc++";
				CLANG_ENABLE_MODULES = YES;
				CLANG_ENABLE_OBJC_ARC = YES;
				CLANG_ENABLE_OBJC_WEAK = YES;
				CLANG_WARN_BLOCK_CAPTURE_AUTORELEASING = YES;
				CLANG_WARN_BOOL_CONVERSION = YES;
				CLANG_WARN_COMMA = YES;
				CLANG_WARN_CONSTANT_CONVERSION = YES;
				CLANG_WARN_DEPRECATED_OBJC_IMPLEMENTATIONS = YES;
				CLANG_WARN_DIRECT_OBJC_ISA_USAGE = YES_ERROR;
				CLANG_WARN_DOCUMENTATION_COMMENTS = YES;
				CLANG_WARN_EMPTY_BODY = YES;
				CLANG_WARN_ENUM_CONVERSION = YES;
				CLANG_WARN_INFINITE_RECURSION = YES;
				CLANG_WARN_INT_CONVERSION = YES;
				CLANG_WARN_NON_LITERAL_NULL_CONVERSION = YES;
				CLANG_WARN_OBJC_IMPLICIT_RETAIN_SELF = YES;
				CLANG_WARN_OBJC_LITERAL_CONVERSION = YES;
				CLANG_WARN_OBJC_ROOT_CLASS = YES_ERROR;
				CLANG_WARN_QUOTED_INCLUDE_IN_FRAMEWORK_HEADER = YES;
				CLANG_WARN_RANGE_LOOP_ANALYSIS = YES;
				CLANG_WARN_STRICT_PROTOTYPES = YES;
				CLANG_WARN_SUSPICIOUS_MOVE = YES;
				CLANG_WARN_UNGUARDED_AVAILABILITY = YES_AGGRESSIVE;
				CLANG_WARN_UNREACHABLE_CODE = YES;
				CLANG_WARN__DUPLICATE_METHOD_MATCH = YES;
				COPY_PHASE_STRIP = NO;
				DEBUG_INFORMATION_FORMAT = dwarf;
				ENABLE_STRICT_OBJC_MSGSEND = YES;
				ENABLE_TESTABILITY = YES;
				GCC_C_LANGUAGE_STANDARD = gnu11;
				GCC_DYNAMIC_NO_PIC = NO;
				GCC_NO_COMMON_BLOCKS = YES;
				GCC_OPTIMIZATION_LEVEL = 0;
				GCC_PREPROCESSOR_DEFINITIONS = (
					"DEBUG=1",
					"$(inherited)",
				);
				GCC_WARN_64_TO_32_BIT_CONVERSION = YES;
				GCC_WARN_ABOUT_RETURN_TYPE = YES_ERROR;
				GCC_WARN_UNDECLARED_SELECTOR = YES;
				GCC_WARN_UNINITIALIZED_AUTOS = YES_AGGRESSIVE;
				GCC_WARN_UNUSED_FUNCTION = YES;
				GCC_WARN_UNUSED_VARIABLE = YES;
				IPHONEOS_DEPLOYMENT_TARGET = 14.5;
				MTL_ENABLE_DEBUG_INFO = INCLUDE_SOURCE;
				MTL_FAST_MATH = YES;
				ONLY_ACTIVE_ARCH = YES;
				SDKROOT = iphoneos;
				SWIFT_ACTIVE_COMPILATION_CONDITIONS = DEBUG;
				SWIFT_OPTIMIZATION_LEVEL = "-Onone";
			};
			name = Debug;
		};
		ECE8798226DC71A20087F1FE /* Release */ = {
			isa = XCBuildConfiguration;
			buildSettings = {
				ALWAYS_SEARCH_USER_PATHS = NO;
				CLANG_ANALYZER_NONNULL = YES;
				CLANG_ANALYZER_NUMBER_OBJECT_CONVERSION = YES_AGGRESSIVE;
				CLANG_CXX_LANGUAGE_STANDARD = "gnu++14";
				CLANG_CXX_LIBRARY = "libc++";
				CLANG_ENABLE_MODULES = YES;
				CLANG_ENABLE_OBJC_ARC = YES;
				CLANG_ENABLE_OBJC_WEAK = YES;
				CLANG_WARN_BLOCK_CAPTURE_AUTORELEASING = YES;
				CLANG_WARN_BOOL_CONVERSION = YES;
				CLANG_WARN_COMMA = YES;
				CLANG_WARN_CONSTANT_CONVERSION = YES;
				CLANG_WARN_DEPRECATED_OBJC_IMPLEMENTATIONS = YES;
				CLANG_WARN_DIRECT_OBJC_ISA_USAGE = YES_ERROR;
				CLANG_WARN_DOCUMENTATION_COMMENTS = YES;
				CLANG_WARN_EMPTY_BODY = YES;
				CLANG_WARN_ENUM_CONVERSION = YES;
				CLANG_WARN_INFINITE_RECURSION = YES;
				CLANG_WARN_INT_CONVERSION = YES;
				CLANG_WARN_NON_LITERAL_NULL_CONVERSION = YES;
				CLANG_WARN_OBJC_IMPLICIT_RETAIN_SELF = YES;
				CLANG_WARN_OBJC_LITERAL_CONVERSION = YES;
				CLANG_WARN_OBJC_ROOT_CLASS = YES_ERROR;
				CLANG_WARN_QUOTED_INCLUDE_IN_FRAMEWORK_HEADER = YES;
				CLANG_WARN_RANGE_LOOP_ANALYSIS = YES;
				CLANG_WARN_STRICT_PROTOTYPES = YES;
				CLANG_WARN_SUSPICIOUS_MOVE = YES;
				CLANG_WARN_UNGUARDED_AVAILABILITY = YES_AGGRESSIVE;
				CLANG_WARN_UNREACHABLE_CODE = YES;
				CLANG_WARN__DUPLICATE_METHOD_MATCH = YES;
				COPY_PHASE_STRIP = NO;
				DEBUG_INFORMATION_FORMAT = "dwarf-with-dsym";
				ENABLE_NS_ASSERTIONS = NO;
				ENABLE_STRICT_OBJC_MSGSEND = YES;
				GCC_C_LANGUAGE_STANDARD = gnu11;
				GCC_NO_COMMON_BLOCKS = YES;
				GCC_WARN_64_TO_32_BIT_CONVERSION = YES;
				GCC_WARN_ABOUT_RETURN_TYPE = YES_ERROR;
				GCC_WARN_UNDECLARED_SELECTOR = YES;
				GCC_WARN_UNINITIALIZED_AUTOS = YES_AGGRESSIVE;
				GCC_WARN_UNUSED_FUNCTION = YES;
				GCC_WARN_UNUSED_VARIABLE = YES;
				IPHONEOS_DEPLOYMENT_TARGET = 14.5;
				MTL_ENABLE_DEBUG_INFO = NO;
				MTL_FAST_MATH = YES;
				SDKROOT = iphoneos;
				SWIFT_COMPILATION_MODE = wholemodule;
				SWIFT_OPTIMIZATION_LEVEL = "-O";
				VALIDATE_PRODUCT = YES;
			};
			name = Release;
		};
		ECE8798426DC71A20087F1FE /* Debug */ = {
			isa = XCBuildConfiguration;
			buildSettings = {
				ASSETCATALOG_COMPILER_APPICON_NAME = AppIcon;
				ASSETCATALOG_COMPILER_GLOBAL_ACCENT_COLOR_NAME = AccentColor;
				CODE_SIGN_STYLE = Automatic;
				INFOPLIST_FILE = Prework/Info.plist;
				LD_RUNPATH_SEARCH_PATHS = (
					"$(inherited)",
					"@executable_path/Frameworks",
				);
				PRODUCT_BUNDLE_IDENTIFIER = what.Prework;
				PRODUCT_NAME = "$(TARGET_NAME)";
				SWIFT_VERSION = 5.0;
				TARGETED_DEVICE_FAMILY = "1,2";
			};
			name = Debug;
		};
		ECE8798526DC71A20087F1FE /* Release */ = {
			isa = XCBuildConfiguration;
			buildSettings = {
				ASSETCATALOG_COMPILER_APPICON_NAME = AppIcon;
				ASSETCATALOG_COMPILER_GLOBAL_ACCENT_COLOR_NAME = AccentColor;
				CODE_SIGN_STYLE = Automatic;
				INFOPLIST_FILE = Prework/Info.plist;
				LD_RUNPATH_SEARCH_PATHS = (
					"$(inherited)",
					"@executable_path/Frameworks",
				);
				PRODUCT_BUNDLE_IDENTIFIER = what.Prework;
				PRODUCT_NAME = "$(TARGET_NAME)";
				SWIFT_VERSION = 5.0;
				TARGETED_DEVICE_FAMILY = "1,2";
			};
			name = Release;
		};
		ECE8798726DC71A20087F1FE /* Debug */ = {
			isa = XCBuildConfiguration;
			buildSettings = {
				ALWAYS_EMBED_SWIFT_STANDARD_LIBRARIES = YES;
				BUNDLE_LOADER = "$(TEST_HOST)";
				CODE_SIGN_STYLE = Automatic;
				INFOPLIST_FILE = PreworkTests/Info.plist;
				IPHONEOS_DEPLOYMENT_TARGET = 14.5;
				LD_RUNPATH_SEARCH_PATHS = (
					"$(inherited)",
					"@executable_path/Frameworks",
					"@loader_path/Frameworks",
				);
				PRODUCT_BUNDLE_IDENTIFIER = what.PreworkTests;
				PRODUCT_NAME = "$(TARGET_NAME)";
				SWIFT_VERSION = 5.0;
				TARGETED_DEVICE_FAMILY = "1,2";
				TEST_HOST = "$(BUILT_PRODUCTS_DIR)/Prework.app/Prework";
			};
			name = Debug;
		};
		ECE8798826DC71A20087F1FE /* Release */ = {
			isa = XCBuildConfiguration;
			buildSettings = {
				ALWAYS_EMBED_SWIFT_STANDARD_LIBRARIES = YES;
				BUNDLE_LOADER = "$(TEST_HOST)";
				CODE_SIGN_STYLE = Automatic;
				INFOPLIST_FILE = PreworkTests/Info.plist;
				IPHONEOS_DEPLOYMENT_TARGET = 14.5;
				LD_RUNPATH_SEARCH_PATHS = (
					"$(inherited)",
					"@executable_path/Frameworks",
					"@loader_path/Frameworks",
				);
				PRODUCT_BUNDLE_IDENTIFIER = what.PreworkTests;
				PRODUCT_NAME = "$(TARGET_NAME)";
				SWIFT_VERSION = 5.0;
				TARGETED_DEVICE_FAMILY = "1,2";
				TEST_HOST = "$(BUILT_PRODUCTS_DIR)/Prework.app/Prework";
			};
			name = Release;
		};
		ECE8798A26DC71A20087F1FE /* Debug */ = {
			isa = XCBuildConfiguration;
			buildSettings = {
				ALWAYS_EMBED_SWIFT_STANDARD_LIBRARIES = YES;
				CODE_SIGN_STYLE = Automatic;
				INFOPLIST_FILE = PreworkUITests/Info.plist;
				LD_RUNPATH_SEARCH_PATHS = (
					"$(inherited)",
					"@executable_path/Frameworks",
					"@loader_path/Frameworks",
				);
				PRODUCT_BUNDLE_IDENTIFIER = what.PreworkUITests;
				PRODUCT_NAME = "$(TARGET_NAME)";
				SWIFT_VERSION = 5.0;
				TARGETED_DEVICE_FAMILY = "1,2";
				TEST_TARGET_NAME = Prework;
			};
			name = Debug;
		};
		ECE8798B26DC71A20087F1FE /* Release */ = {
			isa = XCBuildConfiguration;
			buildSettings = {
				ALWAYS_EMBED_SWIFT_STANDARD_LIBRARIES = YES;
				CODE_SIGN_STYLE = Automatic;
				INFOPLIST_FILE = PreworkUITests/Info.plist;
				LD_RUNPATH_SEARCH_PATHS = (
					"$(inherited)",
					"@executable_path/Frameworks",
					"@loader_path/Frameworks",
				);
				PRODUCT_BUNDLE_IDENTIFIER = what.PreworkUITests;
				PRODUCT_NAME = "$(TARGET_NAME)";
				SWIFT_VERSION = 5.0;
				TARGETED_DEVICE_FAMILY = "1,2";
				TEST_TARGET_NAME = Prework;
			};
			name = Release;
		};
/* End XCBuildConfiguration section */

/* Begin XCConfigurationList section */
		ECE8795426DC71A00087F1FE /* Build configuration list for PBXProject "Prework" */ = {
			isa = XCConfigurationList;
			buildConfigurations = (
				ECE8798126DC71A20087F1FE /* Debug */,
				ECE8798226DC71A20087F1FE /* Release */,
			);
			defaultConfigurationIsVisible = 0;
			defaultConfigurationName = Release;
		};
		ECE8798326DC71A20087F1FE /* Build configuration list for PBXNativeTarget "Prework" */ = {
			isa = XCConfigurationList;
			buildConfigurations = (
				ECE8798426DC71A20087F1FE /* Debug */,
				ECE8798526DC71A20087F1FE /* Release */,
			);
			defaultConfigurationIsVisible = 0;
			defaultConfigurationName = Release;
		};
		ECE8798626DC71A20087F1FE /* Build configuration list for PBXNativeTarget "PreworkTests" */ = {
			isa = XCConfigurationList;
			buildConfigurations = (
				ECE8798726DC71A20087F1FE /* Debug */,
				ECE8798826DC71A20087F1FE /* Release */,
			);
			defaultConfigurationIsVisible = 0;
			defaultConfigurationName = Release;
		};
		ECE8798926DC71A20087F1FE /* Build configuration list for PBXNativeTarget "PreworkUITests" */ = {
			isa = XCConfigurationList;
			buildConfigurations = (
				ECE8798A26DC71A20087F1FE /* Debug */,
				ECE8798B26DC71A20087F1FE /* Release */,
			);
			defaultConfigurationIsVisible = 0;
			defaultConfigurationName = Release;
		};
/* End XCConfigurationList section */
	};
	rootObject = ECE8795126DC71A00087F1FE /* Project object */;
}
